{"_meta":{"file-type":"spack-lockfile","lockfile-version":6,"specfile-version":5},"spack":{"version":"1.2.2","type":"git","commit":"3e19345b6e12f5ff1b874f4059622fc6a1fd804a"},"roots":[{"hash":"ofk5vm6lwombcajrk3kumf74n7pwfjux","spec":"sw4 %[when='%c'] c=gcc@16.1.1 %[when='%cxx'] cxx=gcc@16.1.1 %[when='%fortran'] fortran=gcc@16.1.1"}],"concrete_specs":{"ofk5vm6lwombcajrk3kumf74n7pwfjux":{"name":"sw4","version":"git.4d8c3f0f8c45bab6c51f993282716b15a12bb67e=2026.07.30","arch":{"platform":"linux","platform_os":"arch","target":{"name":"skylake","vendor":"GenuineIntel","features":["abm","adx","aes","avx","avx2","bmi1","bmi2","clflushopt","cx16","f16c","fma","lahf_lm","mmx","movbe","pclmulqdq","popcnt","rdrand","rdseed","sse","sse2","sse3","sse4_1","sse4_2","ssse3","xsave","xsavec","xsaveopt"],"generation":0,"parents":["broadwell"],"cpupart":""}},"namespace":"sw4_ucgmsim","parameters":{"build_system":"cmake","build_type":"Release","commit":"4d8c3f0f8c45bab6c51f993282716b15a12bb67e","fftw":true,"generator":"make","hdf5":true,"ipo":false,"native":false,"precision":"double","proj":true,"pytests":false,"zfp":false,"cflags":[],"cppflags":[],"cxxflags":[],"fflags":[],"ldflags":[],"ldlibs":[]},"package_hash":"ms3sg56jtnvw4ztaj675swnnnf2gsueiod57zehpbyqmobudfcya====","dependencies":[{"name":"cmake","hash":"l6775etvustcvvuyc2tgke34yafft4gk","parameters":{"deptypes":["build"],"virtuals":[]}},{"name":"compiler-wrapper","hash":"ncfreugxt37tqdl4lwzni7mnevu5ccue","parameters":{"deptypes":["build"],"virtuals":[]}},{"name":"fftw","hash":"rhwjh3jpqrugnfsctwzzrrrb2v64k4bj","parameters":{"deptypes":["build","link"],"virtuals":[]}},{"name":"gcc","hash":"sphjarclthg6snjmvc4nwvt2dx4efups","parameters":{"deptypes":["build"],"virtuals":["c","cxx","fortran"]}},{"name":"gcc-runtime","hash":"hhxmmhwtm2yecy7olmemu46df6vyk35i","parameters":{"deptypes":["link"],"virtuals":["fortran-rt","libgfortran"]}},{"name":"glibc","hash":"6bjb5khu4vzox4tfpfzamvd47ey2vtmp","parameters":{"deptypes":["link"],"virtuals":["libc"]}},{"name":"gmake","hash":"be75ucrig2y3fp6nbejwziov6jdykcb4","parameters":{"deptypes":["build"],"virtuals":[]}},{"name":"hdf5","hash":"povnescu2ff2jtbbmtphsxuhtdimv646","parameters":{"deptypes":["build","link"],"virtuals":[]}},{"name":"openblas","hash":"vgac3aaxnzpb5sj6yjmynv4kpmkqavso","parameters":{"deptypes":["build","link"],"virtuals":["blas","lapack"]}},{"name":"openmpi","hash":"pbuxmevo2n54orxwzer53hlcax2r3trv","parameters":{"deptypes":["build","link"],"virtuals":["mpi"]}},{"name":"proj","hash":"j4e7wwxkf37p4lag7rwcssroxmlyy7ra","parameters":{"deptypes":["build","link"],"virtuals":[]}}],"annotations":{"original_specfile_version":5},"hash":"ofk5vm6lwombcajrk3kumf74n7pwfjux"},"l6775etvustcvvuyc2tgke34yafft4gk":{"name":"cmake","version":"4.4.1","arch":{"platform":"linux","platform_os":"arch","target":"x86_64"},"namespace":"builtin","parameters":{"build_system":"generic","build_type":"Release","doc":false,"ncurses":true,"ownlibs":true,"qtgui":false,"cflags":[],"cppflags":[],"cxxflags":[],"fflags":[],"ldflags":[],"ldlibs":[]},"external":{"path":"/usr","module":null,"extra_attributes":{}},"package_hash":"e2wxmid5vl22mqaugrojfapea73j7nmjoqooac4lt5ezzvqhp2oa====","annotations":{"original_specfile_version":5},"hash":"l6775etvustcvvuyc2tgke34yafft4gk"},"ncfreugxt37tqdl4lwzni7mnevu5ccue":{"name":"compiler-wrapper","version":"1.0","arch":{"platform":"linux","platform_os":"arch","target":{"name":"skylake","vendor":"GenuineIntel","features":["abm","adx","aes","avx","avx2","bmi1","bmi2","clflushopt","cx16","f16c","fma","lahf_lm","mmx","movbe","pclmulqdq","popcnt","rdrand","rdseed","sse","sse2","sse3","sse4_1","sse4_2","ssse3","xsave","xsavec","xsaveopt"],"generation":0,"parents":["broadwell"],"cpupart":""}},"namespace":"builtin","parameters":{"build_system":"generic","cflags":[],"cppflags":[],"cxxflags":[],"fflags":[],"ldflags":[],"ldlibs":[]},"package_hash":"brmd47iexcajusyydhjj4hkqcorobvc6swc7g6px6hryjo3jjm4q====","annotations":{"original_specfile_version":5},"hash":"ncfreugxt37tqdl4lwzni7mnevu5ccue"},"rhwjh3jpqrugnfsctwzzrrrb2v64k4bj":{"name":"fftw","version":"3.3.10","arch":{"platform":"linux","platform_os":"arch","target":{"name":"skylake","vendor":"GenuineIntel","features":["abm","adx","aes","avx","avx2","bmi1","bmi2","clflushopt","cx16","f16c","fma","lahf_lm","mmx","movbe","pclmulqdq","popcnt","rdrand","rdseed","sse","sse2","sse3","sse4_1","sse4_2","ssse3","xsave","xsavec","xsaveopt"],"generation":0,"parents":["broadwell"],"cpupart":""}},"namespace":"builtin","parameters":{"build_system":"autotools","mpi":true,"openmp":false,"patches":["872cff9a7d346e91a108ffd3540bfcebeb8cf86c7f40f6b31fd07a80267cbf53"],"pfft_patches":false,"precision":["double","float"],"shared":true,"cflags":[],"cppflags":[],"cxxflags":[],"fflags":[],"ldflags":[],"ldlibs":[]},"patches":["872cff9a7d346e91a108ffd3540bfcebeb8cf86c7f40f6b31fd07a80267cbf53"],"package_hash":"rb3nhzjr3walrpbpwa7daqdtbf7lu3cesqf5hvpf4cwmjfsitmta====","dependencies":[{"name":"compiler-wrapper","hash":"ncfreugxt37tqdl4lwzni7mnevu5ccue","parameters":{"deptypes":["build"],"virtuals":[]}},{"name":"gcc","hash":"sphjarclthg6snjmvc4nwvt2dx4efups","parameters":{"deptypes":["build"],"virtuals":["c","fortran"]}},{"name":"gcc-runtime","hash":"hhxmmhwtm2yecy7olmemu46df6vyk35i","parameters":{"deptypes":["link"],"virtuals":["fortran-rt","libgfortran"]}},{"name":"glibc","hash":"6bjb5khu4vzox4tfpfzamvd47ey2vtmp","parameters":{"deptypes":["link"],"virtuals":["libc"]}},{"name":"gmake","hash":"be75ucrig2y3fp6nbejwziov6jdykcb4","parameters":{"deptypes":["build"],"virtuals":[]}},{"name":"openmpi","hash":"pbuxmevo2n54orxwzer53hlcax2r3trv","parameters":{"deptypes":["build","link"],"virtuals":["mpi"]}}],"annotations":{"original_specfile_version":5},"hash":"rhwjh3jpqrugnfsctwzzrrrb2v64k4bj"},"sphjarclthg6snjmvc4nwvt2dx4efups":{"name":"gcc","version":"16.1.1","arch":{"platform":"linux","platform_os":"arch","target":"x86_64"},"namespace":"builtin","parameters":{"binutils":false,"bootstrap":true,"build_system":"autotools","build_type":"RelWithDebInfo","graphite":false,"languages":["c","c++","fortran"],"mold":false,"nvptx":false,"piclibs":false,"profiled":false,"strip":false,"cflags":[],"cppflags":[],"cxxflags":[],"fflags":[],"ldflags":[],"ldlibs":[]},"external":{"path":"/usr","module":null,"extra_attributes":{"compilers":{"c":"/usr/bin/gcc","cxx":"/usr/bin/g++","fortran":"/usr/bin/gfortran"}}},"package_hash":"lsfbjcngajbbkhpzoaotses4bayeomfso6g55yd3qgbbcynk3avq====","annotations":{"original_specfile_version":5},"hash":"sphjarclthg6snjmvc4nwvt2dx4efups"},"hhxmmhwtm2yecy7olmemu46df6vyk35i":{"name":"gcc-runtime","version":"16.1.1","arch":{"platform":"linux","platform_os":"arch","target":{"name":"skylake","vendor":"GenuineIntel","features":["abm","adx","aes","avx","avx2","bmi1","bmi2","clflushopt","cx16","f16c","fma","lahf_lm","mmx","movbe","pclmulqdq","popcnt","rdrand","rdseed","sse","sse2","sse3","sse4_1","sse4_2","ssse3","xsave","xsavec","xsaveopt"],"generation":0,"parents":["broadwell"],"cpupart":""}},"namespace":"builtin","parameters":{"build_system":"generic","cflags":[],"cppflags":[],"cxxflags":[],"fflags":[],"ldflags":[],"ldlibs":[]},"package_hash":"q2rk2ibjyixyovjks3huspa2gqfkl7b2q2l4efx54262chl3icjq====","dependencies":[{"name":"gcc","hash":"sphjarclthg6snjmvc4nwvt2dx4efups","parameters":{"deptypes":["build"],"virtuals":[]}},{"name":"glibc","hash":"6bjb5khu4vzox4tfpfzamvd47ey2vtmp","parameters":{"deptypes":["link"],"virtuals":["libc"]}}],"annotations":{"original_specfile_version":5},"hash":"hhxmmhwtm2yecy7olmemu46df6vyk35i"},"6bjb5khu4vzox4tfpfzamvd47ey2vtmp":{"name":"glibc","version":"2.44","arch":{"platform":"linux","platform_os":"arch","target":"x86_64"},"namespace":"builtin","parameters":{"build_system":"autotools","cflags":[],"cppflags":[],"cxxflags":[],"fflags":[],"ldflags":[],"ldlibs":[]},"external":{"path":"/usr","module":null,"extra_attributes":{}},"package_hash":"lsgkhjj6j3wl5lsh4wcsi3lihcc37sp4wbwwrxrkdjivzteunvba====","annotations":{"original_specfile_version":5},"hash":"6bjb5khu4vzox4tfpfzamvd47ey2vtmp"},"be75ucrig2y3fp6nbejwziov6jdykcb4":{"name":"gmake","version":"4.4.1","arch":{"platform":"linux","platform_os":"arch","target":"x86_64"},"namespace":"builtin","parameters":{"build_system":"generic","guile":false,"cflags":[],"cppflags":[],"cxxflags":[],"fflags":[],"ldflags":[],"ldlibs":[]},"external":{"path":"/usr","module":null,"extra_attributes":{}},"package_hash":"h2dsagusnktgdqtmrkidm6otgpj3lzpu4yczjxl77l5i3ckinszq====","annotations":{"original_specfile_version":5},"hash":"be75ucrig2y3fp6nbejwziov6jdykcb4"},"pbuxmevo2n54orxwzer53hlcax2r3trv":{"name":"openmpi","version":"5.0.10","arch":{"platform":"linux","platform_os":"arch","target":"x86_64"},"namespace":"builtin","parameters":{"atomics":true,"build_system":"autotools","cuda":false,"debug":false,"fabrics":["none"],"fortran":true,"gpfs":false,"internal-hwloc":false,"internal-libevent":false,"internal-pmix":false,"ipv6":false,"java":false,"lustre":false,"memchecker":false,"openshmem":false,"rocm":false,"romio":true,"romio-filesystem":["none"],"rsh":true,"schedulers":["none"],"static":false,"two_level_namespace":false,"vt":true,"wrapper-rpath":true,"cflags":[],"cppflags":[],"cxxflags":[],"fflags":[],"ldflags":[],"ldlibs":[]},"external":{"path":"/usr","module":null,"extra_attributes":{}},"package_hash":"kai3z2khrl6dj4r3gvpe3palhxj7hxwnxv3726msyf57bmtx576a====","annotations":{"original_specfile_version":5},"hash":"pbuxmevo2n54orxwzer53hlcax2r3trv"},"povnescu2ff2jtbbmtphsxuhtdimv646":{"name":"hdf5","version":"1.14.6","arch":{"platform":"linux","platform_os":"arch","target":{"name":"skylake","vendor":"GenuineIntel","features":["abm","adx","aes","avx","avx2","bmi1","bmi2","clflushopt","cx16","f16c","fma","lahf_lm","mmx","movbe","pclmulqdq","popcnt","rdrand","rdseed","sse","sse2","sse3","sse4_1","sse4_2","ssse3","xsave","xsavec","xsaveopt"],"generation":0,"parents":["broadwell"],"cpupart":""}},"namespace":"builtin","parameters":{"api":"default","build_system":"cmake","build_type":"Release","cxx":false,"fortran":false,"generator":"make","hl":false,"ipo":false,"java":false,"map":false,"mpi":true,"shared":true,"subfiling":false,"szip":false,"threadsafe":false,"tools":true,"cflags":[],"cppflags":[],"cxxflags":[],"fflags":[],"ldflags":[],"ldlibs":[]},"package_hash":"6tm5aw3ug6sit33kmxj4a3tfvbadfb4cmszuks73lk5icqvddbia====","dependencies":[{"name":"cmake","hash":"l6775etvustcvvuyc2tgke34yafft4gk","parameters":{"deptypes":["build"],"virtuals":[]}},{"name":"compiler-wrapper","hash":"ncfreugxt37tqdl4lwzni7mnevu5ccue","parameters":{"deptypes":["build"],"virtuals":[]}},{"name":"gcc","hash":"sphjarclthg6snjmvc4nwvt2dx4efups","parameters":{"deptypes":["build"],"virtuals":["c"]}},{"name":"gcc-runtime","hash":"hhxmmhwtm2yecy7olmemu46df6vyk35i","parameters":{"deptypes":["link"],"virtuals":[]}},{"name":"glibc","hash":"6bjb5khu4vzox4tfpfzamvd47ey2vtmp","parameters":{"deptypes":["link"],"virtuals":["libc"]}},{"name":"gmake","hash":"be75ucrig2y3fp6nbejwziov6jdykcb4","parameters":{"deptypes":["build"],"virtuals":[]}},{"name":"openmpi","hash":"pbuxmevo2n54orxwzer53hlcax2r3trv","parameters":{"deptypes":["build","link"],"virtuals":["mpi"]}},{"name":"pkgconf","hash":"zmm5ejb6yselqxeylmey3ednzvi27j33","parameters":{"deptypes":["run"],"virtuals":["pkgconfig"]}},{"name":"zlib-ng","hash":"ucxxomxdqpysejiv7ct2ef6uz7qzupnm","parameters":{"deptypes":["build","link"],"virtuals":["zlib-api"]}}],"annotations":{"original_specfile_version":5},"hash":"povnescu2ff2jtbbmtphsxuhtdimv646"},"zmm5ejb6yselqxeylmey3ednzvi27j33":{"name":"pkgconf","version":"3.0.4","arch":{"platform":"linux","platform_os":"arch","target":"x86_64"},"namespace":"builtin","parameters":{"build_system":"autotools","cflags":[],"cppflags":[],"cxxflags":[],"fflags":[],"ldflags":[],"ldlibs":[]},"external":{"path":"/usr","module":null,"extra_attributes":{}},"package_hash":"p57x5mqs35mkwpdk2zwtmxa7dikti2ss4cgy3jn4pnt7teq76w6q====","annotations":{"original_specfile_version":5},"hash":"zmm5ejb6yselqxeylmey3ednzvi27j33"},"ucxxomxdqpysejiv7ct2ef6uz7qzupnm":{"name":"zlib-ng","version":"2.2.4","arch":{"platform":"linux","platform_os":"arch","target":{"name":"skylake","vendor":"GenuineIntel","features":["abm","adx","aes","avx","avx2","bmi1","bmi2","clflushopt","cx16","f16c","fma","lahf_lm","mmx","movbe","pclmulqdq","popcnt","rdrand","rdseed","sse","sse2","sse3","sse4_1","sse4_2","ssse3","xsave","xsavec","xsaveopt"],"generation":0,"parents":["broadwell"],"cpupart":""}},"namespace":"builtin","parameters":{"build_system":"autotools","compat":true,"new_strategies":true,"opt":true,"pic":true,"shared":true,"cflags":[],"cppflags":[],"cxxflags":[],"fflags":[],"ldflags":[],"ldlibs":[]},"package_hash":"atlinvfh3ttnwgfvl3uftgsyhtyqhhrmvzojzrhlyebq3fbbhptq====","dependencies":[{"name":"compiler-wrapper","hash":"ncfreugxt37tqdl4lwzni7mnevu5ccue","parameters":{"deptypes":["build"],"virtuals":[]}},{"name":"gcc","hash":"sphjarclthg6snjmvc4nwvt2dx4efups","parameters":{"deptypes":["build"],"virtuals":["c","cxx"]}},{"name":"gcc-runtime","hash":"hhxmmhwtm2yecy7olmemu46df6vyk35i","parameters":{"deptypes":["link"],"virtuals":[]}},{"name":"glibc","hash":"6bjb5khu4vzox4tfpfzamvd47ey2vtmp","parameters":{"deptypes":["link"],"virtuals":["libc"]}},{"name":"gmake","hash":"be75ucrig2y3fp6nbejwziov6jdykcb4","parameters":{"deptypes":["build"],"virtuals":[]}}],"annotations":{"original_specfile_version":5},"hash":"ucxxomxdqpysejiv7ct2ef6uz7qzupnm"},"vgac3aaxnzpb5sj6yjmynv4kpmkqavso":{"name":"openblas","version":"0.3.30","arch":{"platform":"linux","platform_os":"arch","target":{"name":"skylake","vendor":"GenuineIntel","features":["abm","adx","aes","avx","avx2","bmi1","bmi2","clflushopt","cx16","f16c","fma","lahf_lm","mmx","movbe","pclmulqdq","popcnt","rdrand","rdseed","sse","sse2","sse3","sse4_1","sse4_2","ssse3","xsave","xsavec","xsaveopt"],"generation":0,"parents":["broadwell"],"cpupart":""}},"namespace":"builtin","parameters":{"bignuma":false,"build_system":"makefile","consistent_fpcsr":false,"dynamic_dispatch":true,"fortran":true,"ilp64":false,"locking":true,"pic":true,"shared":true,"symbol_suffix":"none","threads":"none","cflags":[],"cppflags":[],"cxxflags":[],"fflags":[],"ldflags":[],"ldlibs":[]},"package_hash":"qsygrvnhouvf6e3k42jg4igbvxchqsxmk25wuuosghxrr56xcfoa====","dependencies":[{"name":"compiler-wrapper","hash":"ncfreugxt37tqdl4lwzni7mnevu5ccue","parameters":{"deptypes":["build"],"virtuals":[]}},{"name":"gcc","hash":"sphjarclthg6snjmvc4nwvt2dx4efups","parameters":{"deptypes":["build"],"virtuals":["c","cxx","fortran"]}},{"name":"gcc-runtime","hash":"hhxmmhwtm2yecy7olmemu46df6vyk35i","parameters":{"deptypes":["link"],"virtuals":["fortran-rt","libgfortran"]}},{"name":"glibc","hash":"6bjb5khu4vzox4tfpfzamvd47ey2vtmp","parameters":{"deptypes":["link"],"virtuals":["libc"]}},{"name":"gmake","hash":"be75ucrig2y3fp6nbejwziov6jdykcb4","parameters":{"deptypes":["build"],"virtuals":[]}}],"annotations":{"original_specfile_version":5},"hash":"vgac3aaxnzpb5sj6yjmynv4kpmkqavso"},"j4e7wwxkf37p4lag7rwcssroxmlyy7ra":{"name":"proj","version":"9.7.0","arch":{"platform":"linux","platform_os":"arch","target":{"name":"skylake","vendor":"GenuineIntel","features":["abm","adx","aes","avx","avx2","bmi1","bmi2","clflushopt","cx16","f16c","fma","lahf_lm","mmx","movbe","pclmulqdq","popcnt","rdrand","rdseed","sse","sse2","sse3","sse4_1","sse4_2","ssse3","xsave","xsavec","xsaveopt"],"generation":0,"parents":["broadwell"],"cpupart":""}},"namespace":"builtin","parameters":{"build_system":"cmake","build_type":"Release","curl":true,"generator":"make","ipo":false,"pic":false,"shared":true,"tiff":true,"cflags":[],"cppflags":[],"cxxflags":[],"fflags":[],"ldflags":[],"ldlibs":[]},"package_hash":"u6wzmasu7ceh7h4t2h5wx2kfs2u2sq7lxxs3km6fvkjwmgevdzgq====","dependencies":[{"name":"cmake","hash":"l6775etvustcvvuyc2tgke34yafft4gk","parameters":{"deptypes":["build"],"virtuals":[]}},{"name":"compiler-wrapper","hash":"ncfreugxt37tqdl4lwzni7mnevu5ccue","parameters":{"deptypes":["build"],"virtuals":[]}},{"name":"curl","hash":"xgu236lwwouz2koyp7k2coolbo3nwcve","parameters":{"deptypes":["build","link"],"virtuals":[]}},{"name":"gcc","hash":"sphjarclthg6snjmvc4nwvt2dx4efups","parameters":{"deptypes":["build"],"virtuals":["c","cxx"]}},{"name":"gcc-runtime","hash":"hhxmmhwtm2yecy7olmemu46df6vyk35i","parameters":{"deptypes":["link"],"virtuals":[]}},{"name":"glibc","hash":"6bjb5khu4vzox4tfpfzamvd47ey2vtmp","parameters":{"deptypes":["link"],"virtuals":["libc"]}},{"name":"gmake","hash":"be75ucrig2y3fp6nbejwziov6jdykcb4","parameters":{"deptypes":["build"],"virtuals":[]}},{"name":"libtiff","hash":"3t2jhfithgqk5t2ifsv3ag74pghivhdq","parameters":{"deptypes":["build","link"],"virtuals":[]}},{"name":"sqlite","hash":"ehlm3e7sxbjhgaxgi7wypapkgcs2uv3i","parameters":{"deptypes":["build","link"],"virtuals":[]}}],"annotations":{"original_specfile_version":5},"hash":"j4e7wwxkf37p4lag7rwcssroxmlyy7ra"},"xgu236lwwouz2koyp7k2coolbo3nwcve":{"name":"curl","version":"8.15.0","arch":{"platform":"linux","platform_os":"arch","target":{"name":"skylake","vendor":"GenuineIntel","features":["abm","adx","aes","avx","avx2","bmi1","bmi2","clflushopt","cx16","f16c","fma","lahf_lm","mmx","movbe","pclmulqdq","popcnt","rdrand","rdseed","sse","sse2","sse3","sse4_1","sse4_2","ssse3","xsave","xsavec","xsaveopt"],"generation":0,"parents":["broadwell"],"cpupart":""}},"namespace":"builtin","parameters":{"build_system":"autotools","gssapi":false,"ldap":false,"libidn2":false,"librtmp":false,"libs":["shared","static"],"libssh":false,"libssh2":false,"nghttp2":true,"tls":["openssl"],"cflags":[],"cppflags":[],"cxxflags":[],"fflags":[],"ldflags":[],"ldlibs":[]},"package_hash":"sdlczruggegd765eedoaiuxwg75sqzaj6nhxuqrmxnpqne5iqi4q====","dependencies":[{"name":"compiler-wrapper","hash":"ncfreugxt37tqdl4lwzni7mnevu5ccue","parameters":{"deptypes":["build"],"virtuals":[]}},{"name":"gcc","hash":"sphjarclthg6snjmvc4nwvt2dx4efups","parameters":{"deptypes":["build"],"virtuals":["c","cxx"]}},{"name":"gcc-runtime","hash":"hhxmmhwtm2yecy7olmemu46df6vyk35i","parameters":{"deptypes":["link"],"virtuals":[]}},{"name":"glibc","hash":"6bjb5khu4vzox4tfpfzamvd47ey2vtmp","parameters":{"deptypes":["link"],"virtuals":["libc"]}},{"name":"gmake","hash":"be75ucrig2y3fp6nbejwziov6jdykcb4","parameters":{"deptypes":["build"],"virtuals":[]}},{"name":"nghttp2","hash":"pvne3fc4wxllnu7yu5i754yfal47j7au","parameters":{"deptypes":["build","link"],"virtuals":[]}},{"name":"openssl","hash":"4ya3uxfcip667pamlobushhjjb6ghh4h","parameters":{"deptypes":["build","link"],"virtuals":[]}},{"name":"perl","hash":"e67gkderzqtb3hbz7zdgilmksxc3p2tv","parameters":{"deptypes":["build"],"virtuals":[]}},{"name":"pkgconf","hash":"zmm5ejb6yselqxeylmey3ednzvi27j33","parameters":{"deptypes":["build"],"virtuals":["pkgconfig"]}},{"name":"zlib-ng","hash":"ucxxomxdqpysejiv7ct2ef6uz7qzupnm","parameters":{"deptypes":["build","link"],"virtuals":["zlib-api"]}}],"annotations":{"original_specfile_version":5},"hash":"xgu236lwwouz2koyp7k2coolbo3nwcve"},"pvne3fc4wxllnu7yu5i754yfal47j7au":{"name":"nghttp2","version":"1.67.1","arch":{"platform":"linux","platform_os":"arch","target":{"name":"skylake","vendor":"GenuineIntel","features":["abm","adx","aes","avx","avx2","bmi1","bmi2","clflushopt","cx16","f16c","fma","lahf_lm","mmx","movbe","pclmulqdq","popcnt","rdrand","rdseed","sse","sse2","sse3","sse4_1","sse4_2","ssse3","xsave","xsavec","xsaveopt"],"generation":0,"parents":["broadwell"],"cpupart":""}},"namespace":"builtin","parameters":{"build_system":"autotools","cflags":[],"cppflags":[],"cxxflags":[],"fflags":[],"ldflags":[],"ldlibs":[]},"package_hash":"s57echxnxs2pa26gyxrozc3jj6d65y3beqpwam4gbco4t5gx6vka====","dependencies":[{"name":"compiler-wrapper","hash":"ncfreugxt37tqdl4lwzni7mnevu5ccue","parameters":{"deptypes":["build"],"virtuals":[]}},{"name":"diffutils","hash":"c6skjm4d33a7k5korkzw3fye6i6hwdob","parameters":{"deptypes":["build"],"virtuals":[]}},{"name":"gcc","hash":"sphjarclthg6snjmvc4nwvt2dx4efups","parameters":{"deptypes":["build"],"virtuals":["c","cxx"]}},{"name":"gcc-runtime","hash":"hhxmmhwtm2yecy7olmemu46df6vyk35i","parameters":{"deptypes":["link"],"virtuals":[]}},{"name":"glibc","hash":"6bjb5khu4vzox4tfpfzamvd47ey2vtmp","parameters":{"deptypes":["link"],"virtuals":["libc"]}},{"name":"gmake","hash":"be75ucrig2y3fp6nbejwziov6jdykcb4","parameters":{"deptypes":["build"],"virtuals":[]}},{"name":"pkgconf","hash":"zmm5ejb6yselqxeylmey3ednzvi27j33","parameters":{"deptypes":["build"],"virtuals":["pkgconfig"]}}],"annotations":{"original_specfile_version":5},"hash":"pvne3fc4wxllnu7yu5i754yfal47j7au"},"c6skjm4d33a7k5korkzw3fye6i6hwdob":{"name":"diffutils","version":"3.12","arch":{"platform":"linux","platform_os":"arch","target":"x86_64"},"namespace":"builtin","parameters":{"build_system":"autotools","cflags":[],"cppflags":[],"cxxflags":[],"fflags":[],"ldflags":[],"ldlibs":[]},"external":{"path":"/usr","module":null,"extra_attributes":{}},"package_hash":"s2gxrw5jrbg7wjbaw7olfb3ozjrujdmdq4u7rbrxq5bb4xifcofa====","annotations":{"original_specfile_version":5},"hash":"c6skjm4d33a7k5korkzw3fye6i6hwdob"},"4ya3uxfcip667pamlobushhjjb6ghh4h":{"name":"openssl","version":"3.6.0","arch":{"platform":"linux","platform_os":"arch","target":{"name":"skylake","vendor":"GenuineIntel","features":["abm","adx","aes","avx","avx2","bmi1","bmi2","clflushopt","cx16","f16c","fma","lahf_lm","mmx","movbe","pclmulqdq","popcnt","rdrand","rdseed","sse","sse2","sse3","sse4_1","sse4_2","ssse3","xsave","xsavec","xsaveopt"],"generation":0,"parents":["broadwell"],"cpupart":""}},"namespace":"builtin","parameters":{"build_system":"generic","certs":"mozilla","docs":false,"shared":true,"cflags":[],"cppflags":[],"cxxflags":[],"fflags":[],"ldflags":[],"ldlibs":[]},"package_hash":"cm4z6jl5s2cy64rw7i3ni4ss6fmqxl6npbwutqcnvfgx44frfktq====","dependencies":[{"name":"ca-certificates-mozilla","hash":"3hdrpf3tiwqx2hamnvjqbqf46jp5ln2s","parameters":{"deptypes":["build"],"virtuals":[]}},{"name":"compiler-wrapper","hash":"ncfreugxt37tqdl4lwzni7mnevu5ccue","parameters":{"deptypes":["build"],"virtuals":[]}},{"name":"gcc","hash":"sphjarclthg6snjmvc4nwvt2dx4efups","parameters":{"deptypes":["build"],"virtuals":["c","cxx"]}},{"name":"gcc-runtime","hash":"hhxmmhwtm2yecy7olmemu46df6vyk35i","parameters":{"deptypes":["link"],"virtuals":[]}},{"name":"glibc","hash":"6bjb5khu4vzox4tfpfzamvd47ey2vtmp","parameters":{"deptypes":["link"],"virtuals":["libc"]}},{"name":"gmake","hash":"be75ucrig2y3fp6nbejwziov6jdykcb4","parameters":{"deptypes":["build"],"virtuals":[]}},{"name":"perl","hash":"e67gkderzqtb3hbz7zdgilmksxc3p2tv","parameters":{"deptypes":["build"],"virtuals":[]}},{"name":"zlib-ng","hash":"ucxxomxdqpysejiv7ct2ef6uz7qzupnm","parameters":{"deptypes":["build","link"],"virtuals":["zlib-api"]}}],"annotations":{"original_specfile_version":5},"hash":"4ya3uxfcip667pamlobushhjjb6ghh4h"},"3hdrpf3tiwqx2hamnvjqbqf46jp5ln2s":{"name":"ca-certificates-mozilla","version":"2025-08-12","arch":{"platform":"linux","platform_os":"arch","target":{"name":"skylake","vendor":"GenuineIntel","features":["abm","adx","aes","avx","avx2","bmi1","bmi2","clflushopt","cx16","f16c","fma","lahf_lm","mmx","movbe","pclmulqdq","popcnt","rdrand","rdseed","sse","sse2","sse3","sse4_1","sse4_2","ssse3","xsave","xsavec","xsaveopt"],"generation":0,"parents":["broadwell"],"cpupart":""}},"namespace":"builtin","parameters":{"build_system":"generic","cflags":[],"cppflags":[],"cxxflags":[],"fflags":[],"ldflags":[],"ldlibs":[]},"package_hash":"sfrzctxpdeus4qy4pszagxgxtpjqvnnvsldpnljrnniffubiutyq====","annotations":{"original_specfile_version":5},"hash":"3hdrpf3tiwqx2hamnvjqbqf46jp5ln2s"},"e67gkderzqtb3hbz7zdgilmksxc3p2tv":{"name":"perl","version":"5.42.2","arch":{"platform":"linux","platform_os":"arch","target":"x86_64"},"namespace":"builtin","parameters":{"build_system":"generic","cpanm":false,"opcode":true,"open":true,"shared":true,"threads":true,"cflags":[],"cppflags":[],"cxxflags":[],"fflags":[],"ldflags":[],"ldlibs":[]},"external":{"path":"/usr","module":null,"extra_attributes":{}},"package_hash":"ibl7jas7j5zgyykzwv4ejwelmk3wicajhpgr72sgtsgxbf2hby7a====","annotations":{"original_specfile_version":5},"hash":"e67gkderzqtb3hbz7zdgilmksxc3p2tv"},"3t2jhfithgqk5t2ifsv3ag74pghivhdq":{"name":"libtiff","version":"4.7.0","arch":{"platform":"linux","platform_os":"arch","target":{"name":"skylake","vendor":"GenuineIntel","features":["abm","adx","aes","avx","avx2","bmi1","bmi2","clflushopt","cx16","f16c","fma","lahf_lm","mmx","movbe","pclmulqdq","popcnt","rdrand","rdseed","sse","sse2","sse3","sse4_1","sse4_2","ssse3","xsave","xsavec","xsaveopt"],"generation":0,"parents":["broadwell"],"cpupart":""}},"namespace":"builtin","parameters":{"build_system":"cmake","build_type":"Release","ccitt":true,"generator":"make","ipo":false,"jbig":false,"jpeg":true,"jpeg12":false,"lerc":false,"libdeflate":false,"logluv":true,"lzma":false,"lzw":true,"next":true,"old-jpeg":false,"opengl":false,"packbits":true,"pic":false,"pixarlog":false,"shared":true,"thunder":true,"webp":false,"zlib":true,"zstd":false,"cflags":[],"cppflags":[],"cxxflags":[],"fflags":[],"ldflags":[],"ldlibs":[]},"package_hash":"qdl5f4z2qcugg7jfhgb2xu3hqf46z6pxtwl32qfbhur5bsa5crqq====","dependencies":[{"name":"cmake","hash":"l6775etvustcvvuyc2tgke34yafft4gk","parameters":{"deptypes":["build"],"virtuals":[]}},{"name":"compiler-wrapper","hash":"ncfreugxt37tqdl4lwzni7mnevu5ccue","parameters":{"deptypes":["build"],"virtuals":[]}},{"name":"gcc","hash":"sphjarclthg6snjmvc4nwvt2dx4efups","parameters":{"deptypes":["build"],"virtuals":["c","cxx"]}},{"name":"gcc-runtime","hash":"hhxmmhwtm2yecy7olmemu46df6vyk35i","parameters":{"deptypes":["link"],"virtuals":[]}},{"name":"glibc","hash":"6bjb5khu4vzox4tfpfzamvd47ey2vtmp","parameters":{"deptypes":["link"],"virtuals":["libc"]}},{"name":"gmake","hash":"be75ucrig2y3fp6nbejwziov6jdykcb4","parameters":{"deptypes":["build"],"virtuals":[]}},{"name":"libjpeg-turbo","hash":"hhfqynx2civu742l42xgk2tys5454u6p","parameters":{"deptypes":["build","link"],"virtuals":["jpeg"]}},{"name":"zlib-ng","hash":"ucxxomxdqpysejiv7ct2ef6uz7qzupnm","parameters":{"deptypes":["build","link"],"virtuals":["zlib-api"]}}],"annotations":{"original_specfile_version":5},"hash":"3t2jhfithgqk5t2ifsv3ag74pghivhdq"},"hhfqynx2civu742l42xgk2tys5454u6p":{"name":"libjpeg-turbo","version":"3.0.4","arch":{"platform":"linux","platform_os":"arch","target":{"name":"skylake","vendor":"GenuineIntel","features":["abm","adx","aes","avx","avx2","bmi1","bmi2","clflushopt","cx16","f16c","fma","lahf_lm","mmx","movbe","pclmulqdq","popcnt","rdrand","rdseed","sse","sse2","sse3","sse4_1","sse4_2","ssse3","xsave","xsavec","xsaveopt"],"generation":0,"parents":["broadwell"],"cpupart":""}},"namespace":"builtin","parameters":{"build_system":"cmake","build_type":"Release","generator":"make","ipo":false,"jpeg8":false,"libs":["shared","static"],"partial_decoder":false,"pic":true,"cflags":[],"cppflags":[],"cxxflags":[],"fflags":[],"ldflags":[],"ldlibs":[]},"package_hash":"g4zgyjbq5tuo5l2oncrf7gfxpr4drxmlwkj6ynus2j5ymxneu2bq====","dependencies":[{"name":"cmake","hash":"l6775etvustcvvuyc2tgke34yafft4gk","parameters":{"deptypes":["build"],"virtuals":[]}},{"name":"compiler-wrapper","hash":"ncfreugxt37tqdl4lwzni7mnevu5ccue","parameters":{"deptypes":["build"],"virtuals":[]}},{"name":"gcc","hash":"sphjarclthg6snjmvc4nwvt2dx4efups","parameters":{"deptypes":["build"],"virtuals":["c","cxx"]}},{"name":"gcc-runtime","hash":"hhxmmhwtm2yecy7olmemu46df6vyk35i","parameters":{"deptypes":["link"],"virtuals":[]}},{"name":"glibc","hash":"6bjb5khu4vzox4tfpfzamvd47ey2vtmp","parameters":{"deptypes":["link"],"virtuals":["libc"]}},{"name":"gmake","hash":"be75ucrig2y3fp6nbejwziov6jdykcb4","parameters":{"deptypes":["build"],"virtuals":[]}},{"name":"nasm","hash":"b22cwg5yq5prdjlxpzzuijy46u46lx5a","parameters":{"deptypes":["build"],"virtuals":[]}}],"annotations":{"original_specfile_version":5},"hash":"hhfqynx2civu742l42xgk2tys5454u6p"},"b22cwg5yq5prdjlxpzzuijy46u46lx5a":{"name":"nasm","version":"2.16.03","arch":{"platform":"linux","platform_os":"arch","target":{"name":"skylake","vendor":"GenuineIntel","features":["abm","adx","aes","avx","avx2","bmi1","bmi2","clflushopt","cx16","f16c","fma","lahf_lm","mmx","movbe","pclmulqdq","popcnt","rdrand","rdseed","sse","sse2","sse3","sse4_1","sse4_2","ssse3","xsave","xsavec","xsaveopt"],"generation":0,"parents":["broadwell"],"cpupart":""}},"namespace":"builtin","parameters":{"build_system":"autotools","cflags":[],"cppflags":[],"cxxflags":[],"fflags":[],"ldflags":[],"ldlibs":[]},"package_hash":"misdk4teltlov4k4w34kfp4mxqsivrhv7gwoeg4lwulevueviy2a====","dependencies":[{"name":"compiler-wrapper","hash":"ncfreugxt37tqdl4lwzni7mnevu5ccue","parameters":{"deptypes":["build"],"virtuals":[]}},{"name":"gcc","hash":"sphjarclthg6snjmvc4nwvt2dx4efups","parameters":{"deptypes":["build"],"virtuals":["c"]}},{"name":"gcc-runtime","hash":"hhxmmhwtm2yecy7olmemu46df6vyk35i","parameters":{"deptypes":["link"],"virtuals":[]}},{"name":"glibc","hash":"6bjb5khu4vzox4tfpfzamvd47ey2vtmp","parameters":{"deptypes":["link"],"virtuals":["libc"]}},{"name":"gmake","hash":"be75ucrig2y3fp6nbejwziov6jdykcb4","parameters":{"deptypes":["build"],"virtuals":[]}}],"annotations":{"original_specfile_version":5},"hash":"b22cwg5yq5prdjlxpzzuijy46u46lx5a"},"ehlm3e7sxbjhgaxgi7wypapkgcs2uv3i":{"name":"sqlite","version":"3.50.4","arch":{"platform":"linux","platform_os":"arch","target":{"name":"skylake","vendor":"GenuineIntel","features":["abm","adx","aes","avx","avx2","bmi1","bmi2","clflushopt","cx16","f16c","fma","lahf_lm","mmx","movbe","pclmulqdq","popcnt","rdrand","rdseed","sse","sse2","sse3","sse4_1","sse4_2","ssse3","xsave","xsavec","xsaveopt"],"generation":0,"parents":["broadwell"],"cpupart":""}},"namespace":"builtin","parameters":{"build_system":"autotools","column_metadata":true,"fts":true,"rtree":true,"cflags":[],"cppflags":[],"cxxflags":[],"fflags":[],"ldflags":[],"ldlibs":[]},"package_hash":"q2xpz3okrnjsfomdwavmzcdap6vqinc5l4dek73uyxbimufyii5a====","dependencies":[{"name":"compiler-wrapper","hash":"ncfreugxt37tqdl4lwzni7mnevu5ccue","parameters":{"deptypes":["build"],"virtuals":[]}},{"name":"gcc","hash":"sphjarclthg6snjmvc4nwvt2dx4efups","parameters":{"deptypes":["build"],"virtuals":["c"]}},{"name":"gcc-runtime","hash":"hhxmmhwtm2yecy7olmemu46df6vyk35i","parameters":{"deptypes":["link"],"virtuals":[]}},{"name":"glibc","hash":"6bjb5khu4vzox4tfpfzamvd47ey2vtmp","parameters":{"deptypes":["link"],"virtuals":["libc"]}},{"name":"gmake","hash":"be75ucrig2y3fp6nbejwziov6jdykcb4","parameters":{"deptypes":["build"],"virtuals":[]}},{"name":"readline","hash":"ci5g6hsysglw7jreuynrmu4wwymssx7f","parameters":{"deptypes":["build","link"],"virtuals":[]}},{"name":"zlib-ng","hash":"ucxxomxdqpysejiv7ct2ef6uz7qzupnm","parameters":{"deptypes":["build","link"],"virtuals":["zlib-api"]}}],"annotations":{"original_specfile_version":5},"hash":"ehlm3e7sxbjhgaxgi7wypapkgcs2uv3i"},"ci5g6hsysglw7jreuynrmu4wwymssx7f":{"name":"readline","version":"8.3","arch":{"platform":"linux","platform_os":"arch","target":{"name":"skylake","vendor":"GenuineIntel","features":["abm","adx","aes","avx","avx2","bmi1","bmi2","clflushopt","cx16","f16c","fma","lahf_lm","mmx","movbe","pclmulqdq","popcnt","rdrand","rdseed","sse","sse2","sse3","sse4_1","sse4_2","ssse3","xsave","xsavec","xsaveopt"],"generation":0,"parents":["broadwell"],"cpupart":""}},"namespace":"builtin","parameters":{"build_system":"autotools","patches":["21f0a03106dbe697337cd25c70eb0edbaa2bdb6d595b45f83285cdd35bac84de"],"cflags":[],"cppflags":[],"cxxflags":[],"fflags":[],"ldflags":[],"ldlibs":[]},"patches":["21f0a03106dbe697337cd25c70eb0edbaa2bdb6d595b45f83285cdd35bac84de"],"package_hash":"3bkz3xcmc2bdayaxvpyiryqhgclpc4or64q65pqdj24qona5kotq====","dependencies":[{"name":"compiler-wrapper","hash":"ncfreugxt37tqdl4lwzni7mnevu5ccue","parameters":{"deptypes":["build"],"virtuals":[]}},{"name":"gcc","hash":"sphjarclthg6snjmvc4nwvt2dx4efups","parameters":{"deptypes":["build"],"virtuals":["c"]}},{"name":"gcc-runtime","hash":"hhxmmhwtm2yecy7olmemu46df6vyk35i","parameters":{"deptypes":["link"],"virtuals":[]}},{"name":"glibc","hash":"6bjb5khu4vzox4tfpfzamvd47ey2vtmp","parameters":{"deptypes":["link"],"virtuals":["libc"]}},{"name":"gmake","hash":"be75ucrig2y3fp6nbejwziov6jdykcb4","parameters":{"deptypes":["build"],"virtuals":[]}},{"name":"ncurses","hash":"geo4vu2dhuyuxe7rptqwk3lmnnk4xnnt","parameters":{"deptypes":["build","link"],"virtuals":[]}}],"annotations":{"original_specfile_version":5},"hash":"ci5g6hsysglw7jreuynrmu4wwymssx7f"},"geo4vu2dhuyuxe7rptqwk3lmnnk4xnnt":{"name":"ncurses","version":"6.5-20250705","arch":{"platform":"linux","platform_os":"arch","target":{"name":"skylake","vendor":"GenuineIntel","features":["abm","adx","aes","avx","avx2","bmi1","bmi2","clflushopt","cx16","f16c","fma","lahf_lm","mmx","movbe","pclmulqdq","popcnt","rdrand","rdseed","sse","sse2","sse3","sse4_1","sse4_2","ssse3","xsave","xsavec","xsaveopt"],"generation":0,"parents":["broadwell"],"cpupart":""}},"namespace":"builtin","parameters":{"abi":"none","build_system":"autotools","patches":["7a351bc4953a4ab70dabdbea31c8db0c03d40ce505335f3b6687180dde24c535"],"symlinks":false,"termlib":true,"cflags":[],"cppflags":[],"cxxflags":[],"fflags":[],"ldflags":[],"ldlibs":[]},"patches":["7a351bc4953a4ab70dabdbea31c8db0c03d40ce505335f3b6687180dde24c535"],"package_hash":"iisfoewmynkxm2y4pfxa2sjzz7nokwbd7cg3lkyfkzx7aulddisq====","dependencies":[{"name":"compiler-wrapper","hash":"ncfreugxt37tqdl4lwzni7mnevu5ccue","parameters":{"deptypes":["build"],"virtuals":[]}},{"name":"gcc","hash":"sphjarclthg6snjmvc4nwvt2dx4efups","parameters":{"deptypes":["build"],"virtuals":["c","cxx"]}},{"name":"gcc-runtime","hash":"hhxmmhwtm2yecy7olmemu46df6vyk35i","parameters":{"deptypes":["link"],"virtuals":[]}},{"name":"glibc","hash":"6bjb5khu4vzox4tfpfzamvd47ey2vtmp","parameters":{"deptypes":["link"],"virtuals":["libc"]}},{"name":"gmake","hash":"be75ucrig2y3fp6nbejwziov6jdykcb4","parameters":{"deptypes":["build"],"virtuals":[]}},{"name":"pkgconf","hash":"zmm5ejb6yselqxeylmey3ednzvi27j33","parameters":{"deptypes":["build"],"virtuals":["pkgconfig"]}}],"annotations":{"original_specfile_version":5},"hash":"geo4vu2dhuyuxe7rptqwk3lmnnk4xnnt"}}}